version = 1
requires-python = ">=3.8"

[[package]]
name = "colorama"
version = "0.4.6"
source = { registry = "https://pypi.org/simple" }
sdist = { url = "https://files.pythonhosted.org/packages/d8/53/6f443c9a4a8358a93a6792e2acffb9d9d5cb0a5cfd8802644b7b1c9a02e4/colorama-0.4.6.tar.gz", hash = "sha256:08695f5cb7ed6e0531a20572697297273c47b8cae5a63ffc6d6ed5c201be6e44", size = 27697 }
wheels = [
    { url = "https://files.pythonhosted.org/packages/d1/d6/3965ed04c63042e047cb6a3e6ed1a63a35087b6a609aa3a15ed8ac56c221/colorama-0.4.6-py2.py3-none-any.whl", hash = "sha256:4f1d9991f5acc0ca119f9d443620b77f9d6b33703e51011c16baf57afb285fc6", size = 25335 },
]

[[package]]
name = "exceptiongroup"
version = "1.2.2"
source = { registry = "https://pypi.org/simple" }
sdist = { url = "https://files.pythonhosted.org/packages/09/35/2495c4ac46b980e4ca1f6ad6db102322ef3ad2410b79fdde159a4b0f3b92/exceptiongroup-1.2.2.tar.gz", hash = "sha256:47c2edf7c6738fafb49fd34290706d1a1a2f4d1c6df275526b62cbb4aa5393cc", size = 28883 }
wheels = [
    { url = "https://files.pythonhosted.org/packages/02/cc/b7e31358aac6ed1ef2bb790a9746ac2c69bcb3c8588b41616914eb106eaf/exceptiongroup-1.2.2-py3-none-any.whl", hash = "sha256:3111b9d131c238bec2f8f516e123e14ba243563fb135d3fe885990585aa7795b", size = 16453 },
]

[[package]]
name = "iniconfig"
version = "2.0.0"
source = { registry = "https://pypi.org/simple" }
sdist = { url = "https://files.pythonhosted.org/packages/d7/4b/cbd8e699e64a6f16ca3a8220661b5f83792b3017d0f79807cb8708d33913/iniconfig-2.0.0.tar.gz", hash = "sha256:2d91e135bf72d31a410b17c16da610a82cb55f6b0477d1a902134b24a455b8b3", size = 4646 }
wheels = [
    { url = "https://files.pythonhosted.org/packages/ef/a6/62565a6e1cf69e10f5727360368e451d4b7f58beeac6173dc9db836a5b46/iniconfig-2.0.0-py3-none-any.whl", hash = "sha256:b6a85871a79d2e3b22d2d1b94ac2824226a63c6b741c88f7ae975f18b6778374", size = 5892 },
]

[[package]]
name = "packaging"
version = "24.1"
source = { registry = "https://pypi.org/simple" }
sdist = { url = "https://files.pythonhosted.org/packages/51/65/50db4dda066951078f0a96cf12f4b9ada6e4b811516bf0262c0f4f7064d4/packaging-24.1.tar.gz", hash = "sha256:026ed72c8ed3fcce5bf8950572258698927fd1dbda10a5e981cdf0ac37f4f002", size = 148788 }
wheels = [
    { url = "https://files.pythonhosted.org/packages/08/aa/cc0199a5f0ad350994d660967a8efb233fe0416e4639146c089643407ce6/packaging-24.1-py3-none-any.whl", hash = "sha256:5b8f2217dbdbd2f7f384c41c628544e6d52f2d0f53c6d0c3ea61aa5d1d7ff124", size = 53985 },
]

[[package]]
name = "pluggy"
version = "1.5.0"
source = { registry = "https://pypi.org/simple" }
sdist = { url = "https://files.pythonhosted.org/packages/96/2d/02d4312c973c6050a18b314a5ad0b3210edb65a906f868e31c111dede4a6/pluggy-1.5.0.tar.gz", hash = "sha256:2cffa88e94fdc978c4c574f15f9e59b7f4201d439195c3715ca9e2486f1d0cf1", size = 67955 }
wheels = [
    { url = "https://files.pythonhosted.org/packages/88/5f/e351af9a41f866ac3f1fac4ca0613908d9a41741cfcf2228f4ad853b697d/pluggy-1.5.0-py3-none-any.whl", hash = "sha256:44e1ad92c8ca002de6377e165f3e0f1be63266ab4d554740532335b9d75ea669", size = 20556 },
]

[[package]]
name = "pytest"
version = "8.3.2"
source = { registry = "https://pypi.org/simple" }
dependencies = [
    { name = "colorama", marker = "sys_platform == 'win32'" },
    { name = "exceptiongroup", marker = "python_full_version < '3.11'" },
    { name = "iniconfig" },
    { name = "packaging" },
    { name = "pluggy" },
    { name = "tomli", marker = "python_full_version < '3.11'" },
]
sdist = { url = "https://files.pythonhosted.org/packages/b4/8c/9862305bdcd6020bc7b45b1b5e7397a6caf1a33d3025b9a003b39075ffb2/pytest-8.3.2.tar.gz", hash = "sha256:c132345d12ce551242c87269de812483f5bcc87cdbb4722e48487ba194f9fdce", size = 1439314 }
wheels = [
    { url = "https://files.pythonhosted.org/packages/0f/f9/cf155cf32ca7d6fa3601bc4c5dd19086af4b320b706919d48a4c79081cf9/pytest-8.3.2-py3-none-any.whl", hash = "sha256:4ba08f9ae7dcf84ded419494d229b48d0903ea6407b030eaec46df5e6a73bba5", size = 341802 },
]

[[package]]
name = "tomli"
version = "2.0.1"
source = { registry = "https://pypi.org/simple" }
sdist = { url = "https://files.pythonhosted.org/packages/c0/3f/d7af728f075fb08564c5949a9c95e44352e23dee646869fa104a3b2060a3/tomli-2.0.1.tar.gz", hash = "sha256:de526c12914f0c550d15924c62d72abc48d6fe7364aa87328337a31007fe8a4f", size = 15164 }
wheels = [
    { url = "https://files.pythonhosted.org/packages/97/75/10a9ebee3fd790d20926a90a2547f0bf78f371b2f13aa822c759680ca7b9/tomli-2.0.1-py3-none-any.whl", hash = "sha256:939de3e7a6161af0c887ef91b7d41a53e7c5a1ca976325f429cb46ea9bc30ecc", size = 12757 },
]

[[package]]
name = "uv"
version = "0.4.1"
source = { registry = "https://pypi.org/simple" }
sdist = { url = "https://files.pythonhosted.org/packages/54/11/71895ccc7a75ab750ce6223b762c654a146a3d42ee1b67d512a4a6a1d894/uv-0.4.1.tar.gz", hash = "sha256:7eaeeda1ee71671981274fbacac3258e8f878a6de254e6c38d4d8f0e7055aa2a", size = 1827976 }
wheels = [
    { url = "https://files.pythonhosted.org/packages/be/73/7913f1a8432404506c351c03df6603df464e0acaba371be6300bf974f37d/uv-0.4.1-py3-none-linux_armv6l.whl", hash = "sha256:596b820cf452cb4a43df886043d9b881f894efbeb076184c29f5b50222164926", size = 10810783 },
    { url = "https://files.pythonhosted.org/packages/11/20/46c14f63da6ae489c854ab200bdd54ed0f02eb98db6df584ae12f77b4d26/uv-0.4.1-py3-none-macosx_10_12_x86_64.whl", hash = "sha256:0e1c65e266bbac763d63b7d80542b12d6cf841f2db56a069ef9583e6ef1d9fab", size = 11197667 },
    { url = "https://files.pythonhosted.org/packages/46/ad/90e0d7a448b4c92846589c8bb92813ac45d2b123a2b9d4cab4167e805f9f/uv-0.4.1-py3-none-macosx_11_0_arm64.whl", hash = "sha256:fcdc6503100e86fecf6a727d3149e54581e8e9ad6c10e814fc5d22c1e80fab8d", size = 10342437 },
    { url = "https://files.pythonhosted.org/packages/b4/19/6f61a7893e76f030e6cfe8737bfb11929728b0db239598eb62932d49ca55/uv-0.4.1-py3-none-manylinux_2_17_aarch64.manylinux2014_aarch64.musllinux_1_1_aarch64.whl", hash = "sha256:cf17b70464b4e632cb3f3193206a231d94be98e520a254515f28abcb4110c738", size = 10679663 },
    { url = "https://files.pythonhosted.org/packages/47/33/ce37f56ae2e095f00038896903b958f1f08ab519efd5d18b03de5c0df010/uv-0.4.1-py3-none-manylinux_2_17_armv7l.manylinux2014_armv7l.whl", hash = "sha256:ad566cd468f98ae33ea475c1bf47ec6ea6dd3be0b6b9065c4a23def54b837919", size = 10620060 },
    { url = "https://files.pythonhosted.org/packages/1a/8b/297fbc99fc3ea966ae3bf019dd42f5e841c69ad4c5d58c69f258a2dd5f89/uv-0.4.1-py3-none-manylinux_2_17_i686.manylinux2014_i686.whl", hash = "sha256:0f0daa94e6d95b9ebd62420aa576a6a5792e03716763f27fa3430a57606de122", size = 11221220 },
    { url = "https://files.pythonhosted.org/packages/27/32/2f979550abe98c44613781e35c5f58b6f4927dd6f9e53251558b07d48446/uv-0.4.1-py3-none-manylinux_2_17_ppc64.manylinux2014_ppc64.whl", hash = "sha256:d6eb1d759a6a23d6b9d8ccb900a49814bdeeee32dbcd41bd0ed312373b8b2beb", size = 12036648 },
    { url = "https://files.pythonhosted.org/packages/aa/38/78956ac0dced46814470bfbe64381851843d9cf34f4fb5d95e3efbfb60e8/uv-0.4.1-py3-none-manylinux_2_17_ppc64le.manylinux2014_ppc64le.whl", hash = "sha256:6068ad80a23011ef508351ddc377172d98cebfdd0e9c88d06d5b13c67d2053c3", size = 11837645 },
    { url = "https://files.pythonhosted.org/packages/12/d9/1ad882c99ecba897da74a4b59cc8fe02c5894f94e6c3d7d585e58458b4d5/uv-0.4.1-py3-none-manylinux_2_17_s390x.manylinux2014_s390x.whl", hash = "sha256:d09a1888dc9580c29c8deeeaf8a991e051c1b73650e897df606ef06b8622f544", size = 14913692 },
    { url = "https://files.pythonhosted.org/packages/86/b6/2a5b326d1ff3461043a1fa287452e4749394a9791e12a47fd3d695d1d147/uv-0.4.1-py3-none-manylinux_2_17_x86_64.manylinux2014_x86_64.whl", hash = "sha256:132fa34c5813b4a2970d3ab74b700a02eb59d14bdea322a7037be1c0bd2b81c7", size = 11576290 },
    { url = "https://files.pythonhosted.org/packages/82/66/e441b3dc11ae5ba17e315851d348d01e24e84f3e4710db9dae1b5cb52b5d/uv-0.4.1-py3-none-manylinux_2_28_aarch64.whl", hash = "sha256:6af4e8a605aefabee333e110c93a198e1fb304f054bee822912952bf546a4896", size = 10789941 },
    { url = "https://files.pythonhosted.org/packages/8c/32/c3cd8773b37d8d1f20a4cc4cdc074e117c5ad5a68fe17a65d1a464f95f04/uv-0.4.1-py3-none-musllinux_1_1_armv7l.whl", hash = "sha256:bc11b55a15255deea1541dfe81455df52ad74483539a20b6515db753ec721f52", size = 10626425 },
    { url = "https://files.pythonhosted.org/packages/e5/c7/63defaf7be4e0acc2bd17cca1a114b514b1b49fea4395aa1ff17a9649a99/uv-0.4.1-py3-none-musllinux_1_1_i686.whl", hash = "sha256:1a253ed3d03a4a9a3d4c54feb55f3cda93d75a4038b6d9665c9b5c05e51ea594", size = 11041755 },
    { url = "https://files.pythonhosted.org/packages/87/99/1b661dc25b3018cdd755d7179f242034da493583023bc82728a780f71a65/uv-0.4.1-py3-none-musllinux_1_1_ppc64le.whl", hash = "sha256:7c129dc549be0a36bc0ce9540ebc981755af5a7c07076cce6564a2f10d193220", size = 12788989 },
    { url = "https://files.pythonhosted.org/packages/b7/f2/ac58abcd46f7235cef60df079772cf08e400adb9f43aa2e7b63181dfe34c/uv-0.4.1-py3-none-musllinux_1_1_x86_64.whl", hash = "sha256:f81f89a2c0cce1480816f5172edc39c3a80ff668404a72c3d6b7a7cdd90cd5ac", size = 11704625 },
    { url = "https://files.pythonhosted.org/packages/cc/21/8b25e5767eee405bc29c16c13fa347247e714226ca098a9b60e4c8252423/uv-0.4.1-py3-none-win32.whl", hash = "sha256:35992e42c1d52cbdc3db10af147818f5a440be1a2be3dfe042dfae7f0a05d71a", size = 11004831 },
    { url = "https://files.pythonhosted.org/packages/c7/b0/bb3ec0a1064a0548c9343c18cfcc58c76de86ba7c2fd312b9591ae6a342c/uv-0.4.1-py3-none-win_amd64.whl", hash = "sha256:3a26d911b72848062af1d0525dda85d538c57002c10c5965d591bdc774e701a2", size = 12317848 },
]

[[package]]
name = "uvtrick"
version = "0.3.0"
source = { editable = "." }
dependencies = [
    { name = "pytest" },
    { name = "uv" },
]

[package.metadata]
requires-dist = [
    { name = "pytest", specifier = ">=8.3.2" },
    { name = "uv" },
]
